
Microsoft Visual Studio Solution File, Format Version 12.00
# Visual Studio Version 16
VisualStudioVersion = 16.0.31702.278
MinimumVisualStudioVersion = 10.0.40219.1
Project("{8BC9CEB8-8B4A-11D0-8D11-00A0C91BC942}") = "socet", "socet.vcxproj", "{492D20F4-E3B7-46B3-8736-3F8A9604AC58}"
EndProject
Global
	GlobalSection(SolutionConfigurationPlatforms) = preSolution
		Debug|x64 = Debug|x64
		Debug|x86 = Debug|x86
		Release|x64 = Release|x64
		Release|x86 = Release|x86
	EndGlobalSection
	GlobalSection(ProjectConfigurationPlatforms) = postSolution
		{492D20F4-E3B7-46B3-8736-3F8A9604AC58}.Debug|x64.ActiveCfg = Debug|x64
		{492D20F4-E3B7-46B3-8736-3F8A9604AC58}.Debug|x64.Build.0 = Debug|x64
		{492D20F4-E3B7-46B3-8736-3F8A9604AC58}.Debug|x86.ActiveCfg = Debug|Win32
		{492D20F4-E3B7-46B3-8736-3F8A9604AC58}.Debug|x86.Build.0 = Debug|Win32
		{492D20F4-E3B7-46B3-8736-3F8A9604AC58}.Release|x64.ActiveCfg = Release|x64
		{492D20F4-E3B7-46B3-8736-3F8A9604AC58}.Release|x64.Build.0 = Release|x64
		{492D20F4-E3B7-46B3-8736-3F8A9604AC58}.Release|x86.ActiveCfg = Release|Win32
		{492D20F4-E3B7-46B3-8736-3F8A9604AC58}.Release|x86.Build.0 = Release|Win32
	EndGlobalSection
	GlobalSection(SolutionProperties) = preSolution
		HideSolutionNode = FALSE
	EndGlobalSection
	GlobalSection(ExtensibilityGlobals) = postSolution
		SolutionGuid = {80C3032C-5E50-4DAB-BCC6-68BD62CC38DE}
	EndGlobalSection
EndGlobal
